
Microsoft Visual Studio Solution File, Format Version 12.00
# Visual Studio Version 17
VisualStudioVersion = 17.8.34330.188
MinimumVisualStudioVersion = 10.0.40219.1
Project("{9A19103F-16F7-4668-BE54-9A1E7A4F7556}") = "CRUD-API-Demo", "CRUD-API-Demo\CRUD-API-Demo.csproj", "{B6449CC3-857C-4C64-8973-04E0840862A9}"
EndProject
Project("{FAE04EC0-301F-11D3-BF4B-00C04F79EFBC}") = "WebAPIWithDocker", "WebAPIWithDocker\WebAPIWithDocker.csproj", "{01ECDC9C-5252-4C05-A5FD-461F6BD199A1}"
EndProject
Project("{FAE04EC0-301F-11D3-BF4B-00C04F79EFBC}") = "DemoConsoleInDocker", "DemoConsoleInDocker\DemoConsoleInDocker.csproj", "{1852FF03-BE78-477E-8EF2-7631BD948E13}"
EndProject
Global
	GlobalSection(SolutionConfigurationPlatforms) = preSolution
		Debug|Any CPU = Debug|Any CPU
		Release|Any CPU = Release|Any CPU
	EndGlobalSection
	GlobalSection(ProjectConfigurationPlatforms) = postSolution
		{B6449CC3-857C-4C64-8973-04E0840862A9}.Debug|Any CPU.ActiveCfg = Debug|Any CPU
		{B6449CC3-857C-4C64-8973-04E0840862A9}.Debug|Any CPU.Build.0 = Debug|Any CPU
		{B6449CC3-857C-4C64-8973-04E0840862A9}.Release|Any CPU.ActiveCfg = Release|Any CPU
		{B6449CC3-857C-4C64-8973-04E0840862A9}.Release|Any CPU.Build.0 = Release|Any CPU
		{01ECDC9C-5252-4C05-A5FD-461F6BD199A1}.Debug|Any CPU.ActiveCfg = Debug|Any CPU
		{01ECDC9C-5252-4C05-A5FD-461F6BD199A1}.Debug|Any CPU.Build.0 = Debug|Any CPU
		{01ECDC9C-5252-4C05-A5FD-461F6BD199A1}.Release|Any CPU.ActiveCfg = Release|Any CPU
		{01ECDC9C-5252-4C05-A5FD-461F6BD199A1}.Release|Any CPU.Build.0 = Release|Any CPU
		{1852FF03-BE78-477E-8EF2-7631BD948E13}.Debug|Any CPU.ActiveCfg = Debug|Any CPU
		{1852FF03-BE78-477E-8EF2-7631BD948E13}.Debug|Any CPU.Build.0 = Debug|Any CPU
		{1852FF03-BE78-477E-8EF2-7631BD948E13}.Release|Any CPU.ActiveCfg = Release|Any CPU
		{1852FF03-BE78-477E-8EF2-7631BD948E13}.Release|Any CPU.Build.0 = Release|Any CPU
	EndGlobalSection
	GlobalSection(SolutionProperties) = preSolution
		HideSolutionNode = FALSE
	EndGlobalSection
	GlobalSection(ExtensibilityGlobals) = postSolution
		SolutionGuid = {9EA21B52-B9E2-44B0-9AA5-A5A76904E5C3}
	EndGlobalSection
EndGlobal
