
Microsoft Visual Studio Solution File, Format Version 12.00
# Visual Studio Version 17
VisualStudioVersion = 17.5.33414.496
MinimumVisualStudioVersion = 10.0.40219.1
Project("{FAE04EC0-301F-11D3-BF4B-00C04F79EFBC}") = "SampleCoreWebAPI", "SampleCoreWebAPI.csproj", "{6A75EAFE-8DEF-42AD-AC28-5FFE2BD826BE}"
EndProject
Global
	GlobalSection(SolutionConfigurationPlatforms) = preSolution
		Debug|Any CPU = Debug|Any CPU
		Release|Any CPU = Release|Any CPU
	EndGlobalSection
	GlobalSection(ProjectConfigurationPlatforms) = postSolution
		{6A75EAFE-8DEF-42AD-AC28-5FFE2BD826BE}.Debug|Any CPU.ActiveCfg = Debug|Any CPU
		{6A75EAFE-8DEF-42AD-AC28-5FFE2BD826BE}.Debug|Any CPU.Build.0 = Debug|Any CPU
		{6A75EAFE-8DEF-42AD-AC28-5FFE2BD826BE}.Release|Any CPU.ActiveCfg = Release|Any CPU
		{6A75EAFE-8DEF-42AD-AC28-5FFE2BD826BE}.Release|Any CPU.Build.0 = Release|Any CPU
	EndGlobalSection
	GlobalSection(SolutionProperties) = preSolution
		HideSolutionNode = FALSE
	EndGlobalSection
	GlobalSection(ExtensibilityGlobals) = postSolution
		SolutionGuid = {1196F486-C102-498C-BED0-D75D26BC99B4}
	EndGlobalSection
EndGlobal
